// !$*UTF8*$!
{
	archiveVersion = 1;
	classes = {
	};
	objectVersion = 77;
	objects = {

/* Begin PBXBuildFile section */
		CD646BCC2E82EB9700A49EF0 /* LLMKit in Frameworks */ = {isa = PBXBuildFile; productRef = CD646BCB2E82EB9700A49EF0 /* LLMKit */; };
		CD646BCF2E82EE4300A49EF0 /* NetworkKit in Frameworks */ = {isa = PBXBuildFile; productRef = CD646BCE2E82EE4300A49EF0 /* NetworkKit */; };
		CD7303012E7DC5600004A297 /* Apollo in Frameworks */ = {isa = PBXBuildFile; productRef = CD7303002E7DC5600004A297 /* Apollo */; };
		CD7303052E7DC5600004A297 /* ApolloTestSupport in Frameworks */ = {isa = PBXBuildFile; productRef = CD7303042E7DC5600004A297 /* ApolloTestSupport */; };
		CD73037E2E7DF0A90004A297 /* RickAndMortyAPI in Frameworks */ = {isa = PBXBuildFile; productRef = CD73037D2E7DF0A90004A297 /* RickAndMortyAPI */; };
/* End PBXBuildFile section */

/* Begin PBXContainerItemProxy section */
		CD7302CB2E7DB62A0004A297 /* PBXContainerItemProxy */ = {
			isa = PBXContainerItemProxy;
			containerPortal = CD7302B52E7DB6270004A297 /* Project object */;
			proxyType = 1;
			remoteGlobalIDString = CD7302BC2E7DB6270004A297;
			remoteInfo = RickAndMorty;
		};
		CD7302D52E7DB62A0004A297 /* PBXContainerItemProxy */ = {
			isa = PBXContainerItemProxy;
			containerPortal = CD7302B52E7DB6270004A297 /* Project object */;
			proxyType = 1;
			remoteGlobalIDString = CD7302BC2E7DB6270004A297;
			remoteInfo = RickAndMorty;
		};
/* End PBXContainerItemProxy section */

/* Begin PBXFileReference section */
		CD7302BD2E7DB6270004A297 /* RickAndMorty.app */ = {isa = PBXFileReference; explicitFileType = wrapper.application; includeInIndex = 0; path = RickAndMorty.app; sourceTree = BUILT_PRODUCTS_DIR; };
		CD7302CA2E7DB62A0004A297 /* RickAndMortyTests.xctest */ = {isa = PBXFileReference; explicitFileType = wrapper.cfbundle; includeInIndex = 0; path = RickAndMortyTests.xctest; sourceTree = BUILT_PRODUCTS_DIR; };
		CD7302D42E7DB62A0004A297 /* RickAndMortyUITests.xctest */ = {isa = PBXFileReference; explicitFileType = wrapper.cfbundle; includeInIndex = 0; path = RickAndMortyUITests.xctest; sourceTree = BUILT_PRODUCTS_DIR; };
/* End PBXFileReference section */

/* Begin PBXFileSystemSynchronizedRootGroup section */
		CD7302BF2E7DB6270004A297 /* RickAndMorty */ = {
			isa = PBXFileSystemSynchronizedRootGroup;
			path = RickAndMorty;
			sourceTree = "<group>";
		};
		CD7302CD2E7DB62A0004A297 /* RickAndMortyTests */ = {
			isa = PBXFileSystemSynchronizedRootGroup;
			path = RickAndMortyTests;
			sourceTree = "<group>";
		};
		CD7302D72E7DB62A0004A297 /* RickAndMortyUITests */ = {
			isa = PBXFileSystemSynchronizedRootGroup;
			path = RickAndMortyUITests;
			sourceTree = "<group>";
		};
		CD7303832E7DF48F0004A297 /* GraphQL */ = {
			isa = PBXFileSystemSynchronizedRootGroup;
			path = GraphQL;
			sourceTree = "<group>";
		};
/* End PBXFileSystemSynchronizedRootGroup section */

/* Begin PBXFrameworksBuildPhase section */
		CD7302BA2E7DB6270004A297 /* Frameworks */ = {
			isa = PBXFrameworksBuildPhase;
			buildActionMask = 2147483647;
			files = (
				CD646BCF2E82EE4300A49EF0 /* NetworkKit in Frameworks */,
				CD646BCC2E82EB9700A49EF0 /* LLMKit in Frameworks */,
				CD73037E2E7DF0A90004A297 /* RickAndMortyAPI in Frameworks */,
				CD7303012E7DC5600004A297 /* Apollo in Frameworks */,
			);
			runOnlyForDeploymentPostprocessing = 0;
		};
		CD7302C72E7DB62A0004A297 /* Frameworks */ = {
			isa = PBXFrameworksBuildPhase;
			buildActionMask = 2147483647;
			files = (
				CD7303052E7DC5600004A297 /* ApolloTestSupport in Frameworks */,
			);
			runOnlyForDeploymentPostprocessing = 0;
		};
		CD7302D12E7DB62A0004A297 /* Frameworks */ = {
			isa = PBXFrameworksBuildPhase;
			buildActionMask = 2147483647;
			files = (
			);
			runOnlyForDeploymentPostprocessing = 0;
		};
/* End PBXFrameworksBuildPhase section */

/* Begin PBXGroup section */
		CD7302B42E7DB6270004A297 = {
			isa = PBXGroup;
			children = (
				CD7303832E7DF48F0004A297 /* GraphQL */,
				CD7302BF2E7DB6270004A297 /* RickAndMorty */,
				CD7302CD2E7DB62A0004A297 /* RickAndMortyTests */,
				CD7302D72E7DB62A0004A297 /* RickAndMortyUITests */,
				CD7302BE2E7DB6270004A297 /* Products */,
			);
			sourceTree = "<group>";
		};
		CD7302BE2E7DB6270004A297 /* Products */ = {
			isa = PBXGroup;
			children = (
				CD7302BD2E7DB6270004A297 /* RickAndMorty.app */,
				CD7302CA2E7DB62A0004A297 /* RickAndMortyTests.xctest */,
				CD7302D42E7DB62A0004A297 /* RickAndMortyUITests.xctest */,
			);
			name = Products;
			sourceTree = "<group>";
		};
/* End PBXGroup section */

/* Begin PBXNativeTarget section */
		CD7302BC2E7DB6270004A297 /* RickAndMorty */ = {
			isa = PBXNativeTarget;
			buildConfigurationList = CD7302DE2E7DB62A0004A297 /* Build configuration list for PBXNativeTarget "RickAndMorty" */;
			buildPhases = (
				CD7302B92E7DB6270004A297 /* Sources */,
				CD7302BA2E7DB6270004A297 /* Frameworks */,
				CD7302BB2E7DB6270004A297 /* Resources */,
			);
			buildRules = (
			);
			dependencies = (
			);
			fileSystemSynchronizedGroups = (
				CD7302BF2E7DB6270004A297 /* RickAndMorty */,
			);
			name = RickAndMorty;
			packageProductDependencies = (
				CD7303002E7DC5600004A297 /* Apollo */,
				CD73037D2E7DF0A90004A297 /* RickAndMortyAPI */,
				CD646BCB2E82EB9700A49EF0 /* LLMKit */,
				CD646BCE2E82EE4300A49EF0 /* NetworkKit */,
			);
			productName = RickAndMorty;
			productReference = CD7302BD2E7DB6270004A297 /* RickAndMorty.app */;
			productType = "com.apple.product-type.application";
		};
		CD7302C92E7DB62A0004A297 /* RickAndMortyTests */ = {
			isa = PBXNativeTarget;
			buildConfigurationList = CD7302E12E7DB62A0004A297 /* Build configuration list for PBXNativeTarget "RickAndMortyTests" */;
			buildPhases = (
				CD7302C62E7DB62A0004A297 /* Sources */,
				CD7302C72E7DB62A0004A297 /* Frameworks */,
				CD7302C82E7DB62A0004A297 /* Resources */,
			);
			buildRules = (
			);
			dependencies = (
				CD7302CC2E7DB62A0004A297 /* PBXTargetDependency */,
			);
			fileSystemSynchronizedGroups = (
				CD7302CD2E7DB62A0004A297 /* RickAndMortyTests */,
			);
			name = RickAndMortyTests;
			packageProductDependencies = (
				CD7303042E7DC5600004A297 /* ApolloTestSupport */,
			);
			productName = RickAndMortyTests;
			productReference = CD7302CA2E7DB62A0004A297 /* RickAndMortyTests.xctest */;
			productType = "com.apple.product-type.bundle.unit-test";
		};
		CD7302D32E7DB62A0004A297 /* RickAndMortyUITests */ = {
			isa = PBXNativeTarget;
			buildConfigurationList = CD7302E42E7DB62A0004A297 /* Build configuration list for PBXNativeTarget "RickAndMortyUITests" */;
			buildPhases = (
				CD7302D02E7DB62A0004A297 /* Sources */,
				CD7302D12E7DB62A0004A297 /* Frameworks */,
				CD7302D22E7DB62A0004A297 /* Resources */,
			);
			buildRules = (
			);
			dependencies = (
				CD7302D62E7DB62A0004A297 /* PBXTargetDependency */,
			);
			fileSystemSynchronizedGroups = (
				CD7302D72E7DB62A0004A297 /* RickAndMortyUITests */,
			);
			name = RickAndMortyUITests;
			packageProductDependencies = (
			);
			productName = RickAndMortyUITests;
			productReference = CD7302D42E7DB62A0004A297 /* RickAndMortyUITests.xctest */;
			productType = "com.apple.product-type.bundle.ui-testing";
		};
/* End PBXNativeTarget section */

/* Begin PBXProject section */
		CD7302B52E7DB6270004A297 /* Project object */ = {
			isa = PBXProject;
			attributes = {
				BuildIndependentTargetsInParallel = 1;
				LastSwiftUpdateCheck = 2600;
				LastUpgradeCheck = 2600;
				TargetAttributes = {
					CD7302BC2E7DB6270004A297 = {
						CreatedOnToolsVersion = 26.0;
					};
					CD7302C92E7DB62A0004A297 = {
						CreatedOnToolsVersion = 26.0;
						TestTargetID = CD7302BC2E7DB6270004A297;
					};
					CD7302D32E7DB62A0004A297 = {
						CreatedOnToolsVersion = 26.0;
						TestTargetID = CD7302BC2E7DB6270004A297;
					};
				};
			};
			buildConfigurationList = CD7302B82E7DB6270004A297 /* Build configuration list for PBXProject "RickAndMorty" */;
			developmentRegion = en;
			hasScannedForEncodings = 0;
			knownRegions = (
				en,
				Base,
			);
			mainGroup = CD7302B42E7DB6270004A297;
			minimizedProjectReferenceProxies = 1;
			packageReferences = (
				CD7302FF2E7DC5600004A297 /* XCRemoteSwiftPackageReference "apollo-ios" */,
				CD73037C2E7DF0A90004A297 /* XCLocalSwiftPackageReference "Generated/RMAPI" */,
				CD646BCA2E82EB9700A49EF0 /* XCLocalSwiftPackageReference "LLMKit" */,
				CD646BCD2E82EE4300A49EF0 /* XCLocalSwiftPackageReference "NetworkKit" */,
			);
			preferredProjectObjectVersion = 77;
			productRefGroup = CD7302BE2E7DB6270004A297 /* Products */;
			projectDirPath = "";
			projectRoot = "";
			targets = (
				CD7302BC2E7DB6270004A297 /* RickAndMorty */,
				CD7302C92E7DB62A0004A297 /* RickAndMortyTests */,
				CD7302D32E7DB62A0004A297 /* RickAndMortyUITests */,
			);
		};
/* End PBXProject section */

/* Begin PBXResourcesBuildPhase section */
		CD7302BB2E7DB6270004A297 /* Resources */ = {
			isa = PBXResourcesBuildPhase;
			buildActionMask = 2147483647;
			files = (
			);
			runOnlyForDeploymentPostprocessing = 0;
		};
		CD7302C82E7DB62A0004A297 /* Resources */ = {
			isa = PBXResourcesBuildPhase;
			buildActionMask = 2147483647;
			files = (
			);
			runOnlyForDeploymentPostprocessing = 0;
		};
		CD7302D22E7DB62A0004A297 /* Resources */ = {
			isa = PBXResourcesBuildPhase;
			buildActionMask = 2147483647;
			files = (
			);
			runOnlyForDeploymentPostprocessing = 0;
		};
/* End PBXResourcesBuildPhase section */

/* Begin PBXSourcesBuildPhase section */
		CD7302B92E7DB6270004A297 /* Sources */ = {
			isa = PBXSourcesBuildPhase;
			buildActionMask = 2147483647;
			files = (
			);
			runOnlyForDeploymentPostprocessing = 0;
		};
		CD7302C62E7DB62A0004A297 /* Sources */ = {
			isa = PBXSourcesBuildPhase;
			buildActionMask = 2147483647;
			files = (
			);
			runOnlyForDeploymentPostprocessing = 0;
		};
		CD7302D02E7DB62A0004A297 /* Sources */ = {
			isa = PBXSourcesBuildPhase;
			buildActionMask = 2147483647;
			files = (
			);
			runOnlyForDeploymentPostprocessing = 0;
		};
/* End PBXSourcesBuildPhase section */

/* Begin PBXTargetDependency section */
		CD7302CC2E7DB62A0004A297 /* PBXTargetDependency */ = {
			isa = PBXTargetDependency;
			target = CD7302BC2E7DB6270004A297 /* RickAndMorty */;
			targetProxy = CD7302CB2E7DB62A0004A297 /* PBXContainerItemProxy */;
		};
		CD7302D62E7DB62A0004A297 /* PBXTargetDependency */ = {
			isa = PBXTargetDependency;
			target = CD7302BC2E7DB6270004A297 /* RickAndMorty */;
			targetProxy = CD7302D52E7DB62A0004A297 /* PBXContainerItemProxy */;
		};
/* End PBXTargetDependency section */

/* Begin XCBuildConfiguration section */
		CD7302DC2E7DB62A0004A297 /* Debug */ = {
			isa = XCBuildConfiguration;
			buildSettings = {
				ALWAYS_SEARCH_USER_PATHS = NO;
				ASSETCATALOG_COMPILER_GENERATE_SWIFT_ASSET_SYMBOL_EXTENSIONS = YES;
				CLANG_ANALYZER_NONNULL = YES;
				CLANG_ANALYZER_NUMBER_OBJECT_CONVERSION = YES_AGGRESSIVE;
				CLANG_CXX_LANGUAGE_STANDARD = "gnu++20";
				CLANG_ENABLE_MODULES = YES;
				CLANG_ENABLE_OBJC_ARC = YES;
				CLANG_ENABLE_OBJC_WEAK = YES;
				CLANG_WARN_BLOCK_CAPTURE_AUTORELEASING = YES;
				CLANG_WARN_BOOL_CONVERSION = YES;
				CLANG_WARN_COMMA = YES;
				CLANG_WARN_CONSTANT_CONVERSION = YES;
				CLANG_WARN_DEPRECATED_OBJC_IMPLEMENTATIONS = YES;
				CLANG_WARN_DIRECT_OBJC_ISA_USAGE = YES_ERROR;
				CLANG_WARN_DOCUMENTATION_COMMENTS = YES;
				CLANG_WARN_EMPTY_BODY = YES;
				CLANG_WARN_ENUM_CONVERSION = YES;
				CLANG_WARN_INFINITE_RECURSION = YES;
				CLANG_WARN_INT_CONVERSION = YES;
				CLANG_WARN_NON_LITERAL_NULL_CONVERSION = YES;
				CLANG_WARN_OBJC_IMPLICIT_RETAIN_SELF = YES;
				CLANG_WARN_OBJC_LITERAL_CONVERSION = YES;
				CLANG_WARN_OBJC_ROOT_CLASS = YES_ERROR;
				CLANG_WARN_QUOTED_INCLUDE_IN_FRAMEWORK_HEADER = YES;
				CLANG_WARN_RANGE_LOOP_ANALYSIS = YES;
				CLANG_WARN_STRICT_PROTOTYPES = YES;
				CLANG_WARN_SUSPICIOUS_MOVE = YES;
				CLANG_WARN_UNGUARDED_AVAILABILITY = YES_AGGRESSIVE;
				CLANG_WARN_UNREACHABLE_CODE = YES;
				CLANG_WARN__DUPLICATE_METHOD_MATCH = YES;
				COPY_PHASE_STRIP = NO;
				DEBUG_INFORMATION_FORMAT = dwarf;
				ENABLE_STRICT_OBJC_MSGSEND = YES;
				ENABLE_TESTABILITY = YES;
				ENABLE_USER_SCRIPT_SANDBOXING = YES;
				GCC_C_LANGUAGE_STANDARD = gnu17;
				GCC_DYNAMIC_NO_PIC = NO;
				GCC_NO_COMMON_BLOCKS = YES;
				GCC_OPTIMIZATION_LEVEL = 0;
				GCC_PREPROCESSOR_DEFINITIONS = (
					"DEBUG=1",
					"$(inherited)",
				);
				GCC_WARN_64_TO_32_BIT_CONVERSION = YES;
				GCC_WARN_ABOUT_RETURN_TYPE = YES_ERROR;
				GCC_WARN_UNDECLARED_SELECTOR = YES;
				GCC_WARN_UNINITIALIZED_AUTOS = YES_AGGRESSIVE;
				GCC_WARN_UNUSED_FUNCTION = YES;
				GCC_WARN_UNUSED_VARIABLE = YES;
				IPHONEOS_DEPLOYMENT_TARGET = 26.0;
				LOCALIZATION_PREFERS_STRING_CATALOGS = YES;
				MTL_ENABLE_DEBUG_INFO = INCLUDE_SOURCE;
				MTL_FAST_MATH = YES;
				ONLY_ACTIVE_ARCH = YES;
				SDKROOT = iphoneos;
				SWIFT_ACTIVE_COMPILATION_CONDITIONS = "DEBUG $(inherited)";
				SWIFT_OPTIMIZATION_LEVEL = "-Onone";
			};
			name = Debug;
		};
		CD7302DD2E7DB62A0004A297 /* Release */ = {
			isa = XCBuildConfiguration;
			buildSettings = {
				ALWAYS_SEARCH_USER_PATHS = NO;
				ASSETCATALOG_COMPILER_GENERATE_SWIFT_ASSET_SYMBOL_EXTENSIONS = YES;
				CLANG_ANALYZER_NONNULL = YES;
				CLANG_ANALYZER_NUMBER_OBJECT_CONVERSION = YES_AGGRESSIVE;
				CLANG_CXX_LANGUAGE_STANDARD = "gnu++20";
				CLANG_ENABLE_MODULES = YES;
				CLANG_ENABLE_OBJC_ARC = YES;
				CLANG_ENABLE_OBJC_WEAK = YES;
				CLANG_WARN_BLOCK_CAPTURE_AUTORELEASING = YES;
				CLANG_WARN_BOOL_CONVERSION = YES;
				CLANG_WARN_COMMA = YES;
				CLANG_WARN_CONSTANT_CONVERSION = YES;
				CLANG_WARN_DEPRECATED_OBJC_IMPLEMENTATIONS = YES;
				CLANG_WARN_DIRECT_OBJC_ISA_USAGE = YES_ERROR;
				CLANG_WARN_DOCUMENTATION_COMMENTS = YES;
				CLANG_WARN_EMPTY_BODY = YES;
				CLANG_WARN_ENUM_CONVERSION = YES;
				CLANG_WARN_INFINITE_RECURSION = YES;
				CLANG_WARN_INT_CONVERSION = YES;
				CLANG_WARN_NON_LITERAL_NULL_CONVERSION = YES;
				CLANG_WARN_OBJC_IMPLICIT_RETAIN_SELF = YES;
				CLANG_WARN_OBJC_LITERAL_CONVERSION = YES;
				CLANG_WARN_OBJC_ROOT_CLASS = YES_ERROR;
				CLANG_WARN_QUOTED_INCLUDE_IN_FRAMEWORK_HEADER = YES;
				CLANG_WARN_RANGE_LOOP_ANALYSIS = YES;
				CLANG_WARN_STRICT_PROTOTYPES = YES;
				CLANG_WARN_SUSPICIOUS_MOVE = YES;
				CLANG_WARN_UNGUARDED_AVAILABILITY = YES_AGGRESSIVE;
				CLANG_WARN_UNREACHABLE_CODE = YES;
				CLANG_WARN__DUPLICATE_METHOD_MATCH = YES;
				COPY_PHASE_STRIP = NO;
				DEBUG_INFORMATION_FORMAT = "dwarf-with-dsym";
				ENABLE_NS_ASSERTIONS = NO;
				ENABLE_STRICT_OBJC_MSGSEND = YES;
				ENABLE_USER_SCRIPT_SANDBOXING = YES;
				GCC_C_LANGUAGE_STANDARD = gnu17;
				GCC_NO_COMMON_BLOCKS = YES;
				GCC_WARN_64_TO_32_BIT_CONVERSION = YES;
				GCC_WARN_ABOUT_RETURN_TYPE = YES_ERROR;
				GCC_WARN_UNDECLARED_SELECTOR = YES;
				GCC_WARN_UNINITIALIZED_AUTOS = YES_AGGRESSIVE;
				GCC_WARN_UNUSED_FUNCTION = YES;
				GCC_WARN_UNUSED_VARIABLE = YES;
				IPHONEOS_DEPLOYMENT_TARGET = 26.0;
				LOCALIZATION_PREFERS_STRING_CATALOGS = YES;
				MTL_ENABLE_DEBUG_INFO = NO;
				MTL_FAST_MATH = YES;
				SDKROOT = iphoneos;
				SWIFT_COMPILATION_MODE = wholemodule;
				VALIDATE_PRODUCT = YES;
			};
			name = Release;
		};
		CD7302DF2E7DB62A0004A297 /* Debug */ = {
			isa = XCBuildConfiguration;
			buildSettings = {
				ASSETCATALOG_COMPILER_APPICON_NAME = AppIcon;
				ASSETCATALOG_COMPILER_GLOBAL_ACCENT_COLOR_NAME = AccentColor;
				CODE_SIGN_STYLE = Automatic;
				CURRENT_PROJECT_VERSION = 1;
				ENABLE_PREVIEWS = YES;
				GENERATE_INFOPLIST_FILE = YES;
				INFOPLIST_KEY_UIApplicationSceneManifest_Generation = YES;
				INFOPLIST_KEY_UIApplicationSupportsIndirectInputEvents = YES;
				INFOPLIST_KEY_UILaunchScreen_Generation = YES;
				INFOPLIST_KEY_UISupportedInterfaceOrientations_iPad = "UIInterfaceOrientationPortrait UIInterfaceOrientationPortraitUpsideDown UIInterfaceOrientationLandscapeLeft UIInterfaceOrientationLandscapeRight";
				INFOPLIST_KEY_UISupportedInterfaceOrientations_iPhone = "UIInterfaceOrientationPortrait UIInterfaceOrientationLandscapeLeft UIInterfaceOrientationLandscapeRight";
				LD_RUNPATH_SEARCH_PATHS = (
					"$(inherited)",
					"@executable_path/Frameworks",
				);
				MARKETING_VERSION = 1.0;
				PRODUCT_BUNDLE_IDENTIFIER = com.moonpilot.RickAndMorty;
				PRODUCT_NAME = "$(TARGET_NAME)";
				STRING_CATALOG_GENERATE_SYMBOLS = YES;
				SWIFT_APPROACHABLE_CONCURRENCY = YES;
				SWIFT_DEFAULT_ACTOR_ISOLATION = MainActor;
				SWIFT_EMIT_LOC_STRINGS = YES;
				SWIFT_UPCOMING_FEATURE_MEMBER_IMPORT_VISIBILITY = YES;
				SWIFT_VERSION = 5.0;
				TARGETED_DEVICE_FAMILY = "1,2";
			};
			name = Debug;
		};
		CD7302E02E7DB62A0004A297 /* Release */ = {
			isa = XCBuildConfiguration;
			buildSettings = {
				ASSETCATALOG_COMPILER_APPICON_NAME = AppIcon;
				ASSETCATALOG_COMPILER_GLOBAL_ACCENT_COLOR_NAME = AccentColor;
				CODE_SIGN_STYLE = Automatic;
				CURRENT_PROJECT_VERSION = 1;
				ENABLE_PREVIEWS = YES;
				GENERATE_INFOPLIST_FILE = YES;
				INFOPLIST_KEY_UIApplicationSceneManifest_Generation = YES;
				INFOPLIST_KEY_UIApplicationSupportsIndirectInputEvents = YES;
				INFOPLIST_KEY_UILaunchScreen_Generation = YES;
				INFOPLIST_KEY_UISupportedInterfaceOrientations_iPad = "UIInterfaceOrientationPortrait UIInterfaceOrientationPortraitUpsideDown UIInterfaceOrientationLandscapeLeft UIInterfaceOrientationLandscapeRight";
				INFOPLIST_KEY_UISupportedInterfaceOrientations_iPhone = "UIInterfaceOrientationPortrait UIInterfaceOrientationLandscapeLeft UIInterfaceOrientationLandscapeRight";
				LD_RUNPATH_SEARCH_PATHS = (
					"$(inherited)",
					"@executable_path/Frameworks",
				);
				MARKETING_VERSION = 1.0;
				PRODUCT_BUNDLE_IDENTIFIER = com.moonpilot.RickAndMorty;
				PRODUCT_NAME = "$(TARGET_NAME)";
				STRING_CATALOG_GENERATE_SYMBOLS = YES;
				SWIFT_APPROACHABLE_CONCURRENCY = YES;
				SWIFT_DEFAULT_ACTOR_ISOLATION = MainActor;
				SWIFT_EMIT_LOC_STRINGS = YES;
				SWIFT_UPCOMING_FEATURE_MEMBER_IMPORT_VISIBILITY = YES;
				SWIFT_VERSION = 5.0;
				TARGETED_DEVICE_FAMILY = "1,2";
			};
			name = Release;
		};
		CD7302E22E7DB62A0004A297 /* Debug */ = {
			isa = XCBuildConfiguration;
			buildSettings = {
				BUNDLE_LOADER = "$(TEST_HOST)";
				CODE_SIGN_STYLE = Automatic;
				CURRENT_PROJECT_VERSION = 1;
				GENERATE_INFOPLIST_FILE = YES;
				IPHONEOS_DEPLOYMENT_TARGET = 26.0;
				MARKETING_VERSION = 1.0;
				PRODUCT_BUNDLE_IDENTIFIER = com.moonpilot.RickAndMortyTests;
				PRODUCT_NAME = "$(TARGET_NAME)";
				STRING_CATALOG_GENERATE_SYMBOLS = NO;
				SWIFT_APPROACHABLE_CONCURRENCY = YES;
				SWIFT_EMIT_LOC_STRINGS = NO;
				SWIFT_UPCOMING_FEATURE_MEMBER_IMPORT_VISIBILITY = YES;
				SWIFT_VERSION = 5.0;
				TARGETED_DEVICE_FAMILY = "1,2";
				TEST_HOST = "$(BUILT_PRODUCTS_DIR)/RickAndMorty.app/$(BUNDLE_EXECUTABLE_FOLDER_PATH)/RickAndMorty";
			};
			name = Debug;
		};
		CD7302E32E7DB62A0004A297 /* Release */ = {
			isa = XCBuildConfiguration;
			buildSettings = {
				BUNDLE_LOADER = "$(TEST_HOST)";
				CODE_SIGN_STYLE = Automatic;
				CURRENT_PROJECT_VERSION = 1;
				GENERATE_INFOPLIST_FILE = YES;
				IPHONEOS_DEPLOYMENT_TARGET = 26.0;
				MARKETING_VERSION = 1.0;
				PRODUCT_BUNDLE_IDENTIFIER = com.moonpilot.RickAndMortyTests;
				PRODUCT_NAME = "$(TARGET_NAME)";
				STRING_CATALOG_GENERATE_SYMBOLS = NO;
				SWIFT_APPROACHABLE_CONCURRENCY = YES;
				SWIFT_EMIT_LOC_STRINGS = NO;
				SWIFT_UPCOMING_FEATURE_MEMBER_IMPORT_VISIBILITY = YES;
				SWIFT_VERSION = 5.0;
				TARGETED_DEVICE_FAMILY = "1,2";
				TEST_HOST = "$(BUILT_PRODUCTS_DIR)/RickAndMorty.app/$(BUNDLE_EXECUTABLE_FOLDER_PATH)/RickAndMorty";
			};
			name = Release;
		};
		CD7302E52E7DB62A0004A297 /* Debug */ = {
			isa = XCBuildConfiguration;
			buildSettings = {
				CODE_SIGN_STYLE = Automatic;
				CURRENT_PROJECT_VERSION = 1;
				GENERATE_INFOPLIST_FILE = YES;
				MARKETING_VERSION = 1.0;
				PRODUCT_BUNDLE_IDENTIFIER = com.moonpilot.RickAndMortyUITests;
				PRODUCT_NAME = "$(TARGET_NAME)";
				STRING_CATALOG_GENERATE_SYMBOLS = NO;
				SWIFT_APPROACHABLE_CONCURRENCY = YES;
				SWIFT_EMIT_LOC_STRINGS = NO;
				SWIFT_UPCOMING_FEATURE_MEMBER_IMPORT_VISIBILITY = YES;
				SWIFT_VERSION = 5.0;
				TARGETED_DEVICE_FAMILY = "1,2";
				TEST_TARGET_NAME = RickAndMorty;
			};
			name = Debug;
		};
		CD7302E62E7DB62A0004A297 /* Release */ = {
			isa = XCBuildConfiguration;
			buildSettings = {
				CODE_SIGN_STYLE = Automatic;
				CURRENT_PROJECT_VERSION = 1;
				GENERATE_INFOPLIST_FILE = YES;
				MARKETING_VERSION = 1.0;
				PRODUCT_BUNDLE_IDENTIFIER = com.moonpilot.RickAndMortyUITests;
				PRODUCT_NAME = "$(TARGET_NAME)";
				STRING_CATALOG_GENERATE_SYMBOLS = NO;
				SWIFT_APPROACHABLE_CONCURRENCY = YES;
				SWIFT_EMIT_LOC_STRINGS = NO;
				SWIFT_UPCOMING_FEATURE_MEMBER_IMPORT_VISIBILITY = YES;
				SWIFT_VERSION = 5.0;
				TARGETED_DEVICE_FAMILY = "1,2";
				TEST_TARGET_NAME = RickAndMorty;
			};
			name = Release;
		};
/* End XCBuildConfiguration section */

/* Begin XCConfigurationList section */
		CD7302B82E7DB6270004A297 /* Build configuration list for PBXProject "RickAndMorty" */ = {
			isa = XCConfigurationList;
			buildConfigurations = (
				CD7302DC2E7DB62A0004A297 /* Debug */,
				CD7302DD2E7DB62A0004A297 /* Release */,
			);
			defaultConfigurationIsVisible = 0;
			defaultConfigurationName = Release;
		};
		CD7302DE2E7DB62A0004A297 /* Build configuration list for PBXNativeTarget "RickAndMorty" */ = {
			isa = XCConfigurationList;
			buildConfigurations = (
				CD7302DF2E7DB62A0004A297 /* Debug */,
				CD7302E02E7DB62A0004A297 /* Release */,
			);
			defaultConfigurationIsVisible = 0;
			defaultConfigurationName = Release;
		};
		CD7302E12E7DB62A0004A297 /* Build configuration list for PBXNativeTarget "RickAndMortyTests" */ = {
			isa = XCConfigurationList;
			buildConfigurations = (
				CD7302E22E7DB62A0004A297 /* Debug */,
				CD7302E32E7DB62A0004A297 /* Release */,
			);
			defaultConfigurationIsVisible = 0;
			defaultConfigurationName = Release;
		};
		CD7302E42E7DB62A0004A297 /* Build configuration list for PBXNativeTarget "RickAndMortyUITests" */ = {
			isa = XCConfigurationList;
			buildConfigurations = (
				CD7302E52E7DB62A0004A297 /* Debug */,
				CD7302E62E7DB62A0004A297 /* Release */,
			);
			defaultConfigurationIsVisible = 0;
			defaultConfigurationName = Release;
		};
/* End XCConfigurationList section */

/* Begin XCLocalSwiftPackageReference section */
		CD646BCA2E82EB9700A49EF0 /* XCLocalSwiftPackageReference "LLMKit" */ = {
			isa = XCLocalSwiftPackageReference;
			relativePath = LLMKit;
		};
		CD646BCD2E82EE4300A49EF0 /* XCLocalSwiftPackageReference "NetworkKit" */ = {
			isa = XCLocalSwiftPackageReference;
			relativePath = NetworkKit;
		};
		CD73037C2E7DF0A90004A297 /* XCLocalSwiftPackageReference "Generated/RMAPI" */ = {
			isa = XCLocalSwiftPackageReference;
			relativePath = Generated/RMAPI;
		};
/* End XCLocalSwiftPackageReference section */

/* Begin XCRemoteSwiftPackageReference section */
		CD7302FF2E7DC5600004A297 /* XCRemoteSwiftPackageReference "apollo-ios" */ = {
			isa = XCRemoteSwiftPackageReference;
			repositoryURL = "https://github.com/apollographql/apollo-ios.git";
			requirement = {
				kind = upToNextMajorVersion;
				minimumVersion = 1.23.0;
			};
		};
/* End XCRemoteSwiftPackageReference section */

/* Begin XCSwiftPackageProductDependency section */
		CD646BCB2E82EB9700A49EF0 /* LLMKit */ = {
			isa = XCSwiftPackageProductDependency;
			productName = LLMKit;
		};
		CD646BCE2E82EE4300A49EF0 /* NetworkKit */ = {
			isa = XCSwiftPackageProductDependency;
			productName = NetworkKit;
		};
		CD7303002E7DC5600004A297 /* Apollo */ = {
			isa = XCSwiftPackageProductDependency;
			package = CD7302FF2E7DC5600004A297 /* XCRemoteSwiftPackageReference "apollo-ios" */;
			productName = Apollo;
		};
		CD7303042E7DC5600004A297 /* ApolloTestSupport */ = {
			isa = XCSwiftPackageProductDependency;
			package = CD7302FF2E7DC5600004A297 /* XCRemoteSwiftPackageReference "apollo-ios" */;
			productName = ApolloTestSupport;
		};
		CD73037D2E7DF0A90004A297 /* RickAndMortyAPI */ = {
			isa = XCSwiftPackageProductDependency;
			productName = RickAndMortyAPI;
		};
/* End XCSwiftPackageProductDependency section */
	};
	rootObject = CD7302B52E7DB6270004A297 /* Project object */;
}
